
Microsoft Visual Studio Solution File, Format Version 12.00
# Visual Studio Version 16
VisualStudioVersion = 16.0.29709.97
MinimumVisualStudioVersion = 10.0.40219.1
Project("{FAE04EC0-301F-11D3-BF4B-00C04F79EFBC}") = "MyAppV3", "MyAppV3\MyAppV3.csproj", "{87EB517C-AE74-41F7-86B2-F8363956DB3A}"
EndProject
Global
	GlobalSection(SolutionConfigurationPlatforms) = preSolution
		Debug|Any CPU = Debug|Any CPU
		Release|Any CPU = Release|Any CPU
	EndGlobalSection
	GlobalSection(ProjectConfigurationPlatforms) = postSolution
		{87EB517C-AE74-41F7-86B2-F8363956DB3A}.Debug|Any CPU.ActiveCfg = Debug|Any CPU
		{87EB517C-AE74-41F7-86B2-F8363956DB3A}.Debug|Any CPU.Build.0 = Debug|Any CPU
		{87EB517C-AE74-41F7-86B2-F8363956DB3A}.Release|Any CPU.ActiveCfg = Release|Any CPU
		{87EB517C-AE74-41F7-86B2-F8363956DB3A}.Release|Any CPU.Build.0 = Release|Any CPU
	EndGlobalSection
	GlobalSection(SolutionProperties) = preSolution
		HideSolutionNode = FALSE
	EndGlobalSection
	GlobalSection(ExtensibilityGlobals) = postSolution
		SolutionGuid = {ABE4E3D3-BD4F-4E67-82CC-FE17E452A5FF}
	EndGlobalSection
EndGlobal
